{
  "lockfileVersion": 1,
  "workspaces": {
    "": {
      "name": "@opencode-ai/sandbox-api",
      "dependencies": {
        "@e2b/code-interpreter": "^1.0.5",
        "@hono/node-server": "^1.13.7",
        "hono": "^4.6.14",
        "ioredis": "^5.4.2",
      },
      "devDependencies": {
        "@types/bun": "^1.3.0",
        "typescript": "^5.8.2",
      },
    },
  },
  "packages": {
    "@bufbuild/protobuf": ["@bufbuild/protobuf@2.10.1", "", {}, "sha512-ckS3+vyJb5qGpEYv/s1OebUHDi/xSNtfgw1wqKZo7MR9F2z+qXr0q5XagafAG/9O0QPVIUfST0smluYSTpYFkg=="],

    "@connectrpc/connect": ["@connectrpc/connect@2.0.0-rc.3", "", { "peerDependencies": { "@bufbuild/protobuf": "^2.2.0" } }, "sha512-ARBt64yEyKbanyRETTjcjJuHr2YXorzQo0etyS5+P6oSeW8xEuzajA9g+zDnMcj1hlX2dQE93foIWQGfpru7gQ=="],

    "@connectrpc/connect-web": ["@connectrpc/connect-web@2.0.0-rc.3", "", { "peerDependencies": { "@bufbuild/protobuf": "^2.2.0", "@connectrpc/connect": "2.0.0-rc.3" } }, "sha512-w88P8Lsn5CCsA7MFRl2e6oLY4J/5toiNtJns/YJrlyQaWOy3RO8pDgkz+iIkG98RPMhj2thuBvsd3Cn4DKKCkw=="],

    "@e2b/code-interpreter": ["@e2b/code-interpreter@1.5.1", "", { "dependencies": { "e2b": "^1.4.0" } }, "sha512-mkyKjAW2KN5Yt0R1I+1lbH3lo+W/g/1+C2lnwlitXk5wqi/g94SEO41XKdmDf5WWpKG3mnxWDR5d6S/lyjmMEw=="],

    "@hono/node-server": ["@hono/node-server@1.19.6", "", { "peerDependencies": { "hono": "^4" } }, "sha512-Shz/KjlIeAhfiuE93NDKVdZ7HdBVLQAfdbaXEaoAVO3ic9ibRSLGIQGkcBbFyuLr+7/1D5ZCINM8B+6IvXeMtw=="],

    "@ioredis/commands": ["@ioredis/commands@1.4.0", "", {}, "sha512-aFT2yemJJo+TZCmieA7qnYGQooOS7QfNmYrzGtsYd3g9j5iDP8AimYYAesf79ohjbLG12XxC4nG5DyEnC88AsQ=="],

    "@types/bun": ["@types/bun@1.3.2", "", { "dependencies": { "bun-types": "1.3.2" } }, "sha512-t15P7k5UIgHKkxwnMNkJbWlh/617rkDGEdSsDbu+qNHTaz9SKf7aC8fiIlUdD5RPpH6GEkP0cK7WlvmrEBRtWg=="],

    "@types/node": ["@types/node@24.10.1", "", { "dependencies": { "undici-types": "~7.16.0" } }, "sha512-GNWcUTRBgIRJD5zj+Tq0fKOJ5XZajIiBroOF0yvj2bSU1WvNdYS/dn9UxwsujGW4JX06dnHyjV2y9rRaybH0iQ=="],

    "@types/react": ["@types/react@19.2.5", "", { "dependencies": { "csstype": "^3.0.2" } }, "sha512-keKxkZMqnDicuvFoJbzrhbtdLSPhj/rZThDlKWCDbgXmUg0rEUFtRssDXKYmtXluZlIqiC5VqkCgRwzuyLHKHw=="],

    "bun-types": ["bun-types@1.3.2", "", { "dependencies": { "@types/node": "*" }, "peerDependencies": { "@types/react": "^19" } }, "sha512-i/Gln4tbzKNuxP70OWhJRZz1MRfvqExowP7U6JKoI8cntFrtxg7RJK3jvz7wQW54UuvNC8tbKHHri5fy74FVqg=="],

    "cluster-key-slot": ["cluster-key-slot@1.1.2", "", {}, "sha512-RMr0FhtfXemyinomL4hrWcYJxmX6deFdCxpJzhDttxgO1+bcCnkk+9drydLVDmAMG7NE6aN/fl4F7ucU/90gAA=="],

    "compare-versions": ["compare-versions@6.1.1", "", {}, "sha512-4hm4VPpIecmlg59CHXnRDnqGplJFrbLG4aFEl5vl6cK1u76ws3LLvX7ikFnTDl5vo39sjWD6AaDPYodJp/NNHg=="],

    "csstype": ["csstype@3.2.1", "", {}, "sha512-98XGutrXoh75MlgLihlNxAGbUuFQc7l1cqcnEZlLNKc0UrVdPndgmaDmYTDDh929VS/eqTZV0rozmhu2qqT1/g=="],

    "debug": ["debug@4.4.3", "", { "dependencies": { "ms": "^2.1.3" } }, "sha512-RGwwWnwQvkVfavKVt22FGLw+xYSdzARwm0ru6DhTVA3umU5hZc28V3kO4stgYryrTlLpuvgI9GiijltAjNbcqA=="],

    "denque": ["denque@2.1.0", "", {}, "sha512-HVQE3AAb/pxF8fQAoiqpvg9i3evqug3hoiwakOyZAwJm+6vZehbkYXZ0l4JxS+I3QxM97v5aaRNhj8v5oBhekw=="],

    "e2b": ["e2b@1.13.2", "", { "dependencies": { "@bufbuild/protobuf": "^2.6.2", "@connectrpc/connect": "2.0.0-rc.3", "@connectrpc/connect-web": "2.0.0-rc.3", "compare-versions": "^6.1.0", "openapi-fetch": "^0.9.7", "platform": "^1.3.6" } }, "sha512-m8acE/MzMAJo1A57DakR2X1Sl5Mt1tcQO2aJfygNaQHLXby/4xsjF0UeJUB70jF7xntiR41pAMbZEHnkzrT9tw=="],

    "hono": ["hono@4.10.6", "", {}, "sha512-BIdolzGpDO9MQ4nu3AUuDwHZZ+KViNm+EZ75Ae55eMXMqLVhDFqEMXxtUe9Qh8hjL+pIna/frs2j6Y2yD5Ua/g=="],

    "ioredis": ["ioredis@5.8.2", "", { "dependencies": { "@ioredis/commands": "1.4.0", "cluster-key-slot": "^1.1.0", "debug": "^4.3.4", "denque": "^2.1.0", "lodash.defaults": "^4.2.0", "lodash.isarguments": "^3.1.0", "redis-errors": "^1.2.0", "redis-parser": "^3.0.0", "standard-as-callback": "^2.1.0" } }, "sha512-C6uC+kleiIMmjViJINWk80sOQw5lEzse1ZmvD+S/s8p8CWapftSaC+kocGTx6xrbrJ4WmYQGC08ffHLr6ToR6Q=="],

    "lodash.defaults": ["lodash.defaults@4.2.0", "", {}, "sha512-qjxPLHd3r5DnsdGacqOMU6pb/avJzdh9tFX2ymgoZE27BmjXrNy/y4LoaiTeAb+O3gL8AfpJGtqfX/ae2leYYQ=="],

    "lodash.isarguments": ["lodash.isarguments@3.1.0", "", {}, "sha512-chi4NHZlZqZD18a0imDHnZPrDeBbTtVN7GXMwuGdRH9qotxAjYs3aVLKc7zNOG9eddR5Ksd8rvFEBc9SsggPpg=="],

    "ms": ["ms@2.1.3", "", {}, "sha512-6FlzubTLZG3J2a/NVCAleEhjzq5oxgHyaCU9yYXvcLsvoVaHJq/s5xXI6/XXP6tz7R9xAOtHnSO/tXtF3WRTlA=="],

    "openapi-fetch": ["openapi-fetch@0.9.8", "", { "dependencies": { "openapi-typescript-helpers": "^0.0.8" } }, "sha512-zM6elH0EZStD/gSiNlcPrzXcVQ/pZo3BDvC6CDwRDUt1dDzxlshpmQnpD6cZaJ39THaSmwVCxxRrPKNM1hHrDg=="],

    "openapi-typescript-helpers": ["openapi-typescript-helpers@0.0.8", "", {}, "sha512-1eNjQtbfNi5Z/kFhagDIaIRj6qqDzhjNJKz8cmMW0CVdGwT6e1GLbAfgI0d28VTJa1A8jz82jm/4dG8qNoNS8g=="],

    "platform": ["platform@1.3.6", "", {}, "sha512-fnWVljUchTro6RiCFvCXBbNhJc2NijN7oIQxbwsyL0buWJPG85v81ehlHI9fXrJsMNgTofEoWIQeClKpgxFLrg=="],

    "redis-errors": ["redis-errors@1.2.0", "", {}, "sha512-1qny3OExCf0UvUV/5wpYKf2YwPcOqXzkwKKSmKHiE6ZMQs5heeE/c8eXK+PNllPvmjgAbfnsbpkGZWy8cBpn9w=="],

    "redis-parser": ["redis-parser@3.0.0", "", { "dependencies": { "redis-errors": "^1.0.0" } }, "sha512-DJnGAeenTdpMEH6uAJRK/uiyEIH9WVsUmoLwzudwGJUwZPp80PDBWPHXSAGNPwNvIXAbe7MSUB1zQFugFml66A=="],

    "standard-as-callback": ["standard-as-callback@2.1.0", "", {}, "sha512-qoRRSyROncaz1z0mvYqIE4lCd9p2R90i6GxW3uZv5ucSu8tU7B5HXUP1gG8pVZsYNVaXjk8ClXHPttLyxAL48A=="],

    "typescript": ["typescript@5.9.3", "", { "bin": { "tsc": "bin/tsc", "tsserver": "bin/tsserver" } }, "sha512-jl1vZzPDinLr9eUt3J/t7V6FgNEw9QjvBPdysz9KfQDD41fQrC2Y4vKQdiaUpFT4bXlb1RHhLpp8wtm6M5TgSw=="],

    "undici-types": ["undici-types@7.16.0", "", {}, "sha512-Zz+aZWSj8LE6zoxD+xrjh4VfkIG8Ya6LvYkZqtUQGJPZjYl53ypCaUwWqo7eI0x66KBGeRo+mlBEkMSeSZ38Nw=="],
  }
}
